<?xml version="1.0" encoding="UTF-8"?>
<!DOCTYPE plist PUBLIC "-//Apple//DTD PLIST 1.0//EN" "http://www.apple.com/DTDs/PropertyList-1.0.dtd">
<plist version="1.0">
<dict>
	<key>archiveVersion</key>
	<string>1</string>
	<key>classes</key>
	<dict/>
	<key>objectVersion</key>
	<string>46</string>
	<key>objects</key>
	<dict>
		<key>008F07F21AC5B25A0029DE68</key>
		<dict>
			<key>fileEncoding</key>
			<string>4</string>
			<key>isa</key>
			<string>PBXFileReference</string>
			<key>lastKnownFileType</key>
			<string>text</string>
			<key>path</key>
			<string>main.jsbundle</string>
			<key>sourceTree</key>
			<string>&lt;group&gt;</string>
		</dict>
		<key>00C302A71ABCB8CE00DB3ED1</key>
		<dict>
			<key>isa</key>
			<string>PBXFileReference</string>
			<key>lastKnownFileType</key>
			<string>wrapper.pb-project</string>
			<key>name</key>
			<string>RCTActionSheet.xcodeproj</string>
			<key>path</key>
			<string>../node_modules/react-native/Libraries/ActionSheetIOS/RCTActionSheet.xcodeproj</string>
			<key>sourceTree</key>
			<string>&lt;group&gt;</string>
		</dict>
		<key>00C302A81ABCB8CE00DB3ED1</key>
		<dict>
			<key>children</key>
			<array>
				<string>00C302AC1ABCB8CE00DB3ED1</string>
			</array>
			<key>isa</key>
			<string>PBXGroup</string>
			<key>name</key>
			<string>Products</string>
			<key>sourceTree</key>
			<string>&lt;group&gt;</string>
		</dict>
		<key>00C302AB1ABCB8CE00DB3ED1</key>
		<dict>
			<key>containerPortal</key>
			<string>00C302A71ABCB8CE00DB3ED1</string>
			<key>isa</key>
			<string>PBXContainerItemProxy</string>
			<key>proxyType</key>
			<string>2</string>
			<key>remoteGlobalIDString</key>
			<string>134814201AA4EA6300B7C361</string>
			<key>remoteInfo</key>
			<string>RCTActionSheet</string>
		</dict>
		<key>00C302AC1ABCB8CE00DB3ED1</key>
		<dict>
			<key>fileType</key>
			<string>archive.ar</string>
			<key>isa</key>
			<string>PBXReferenceProxy</string>
			<key>path</key>
			<string>libRCTActionSheet.a</string>
			<key>remoteRef</key>
			<string>00C302AB1ABCB8CE00DB3ED1</string>
			<key>sourceTree</key>
			<string>BUILT_PRODUCTS_DIR</string>
		</dict>
		<key>00C302B51ABCB90400DB3ED1</key>
		<dict>
			<key>isa</key>
			<string>PBXFileReference</string>
			<key>lastKnownFileType</key>
			<string>wrapper.pb-project</string>
			<key>name</key>
			<string>RCTGeolocation.xcodeproj</string>
			<key>path</key>
			<string>../node_modules/react-native/Libraries/Geolocation/RCTGeolocation.xcodeproj</string>
			<key>sourceTree</key>
			<string>&lt;group&gt;</string>
		</dict>
		<key>00C302B61ABCB90400DB3ED1</key>
		<dict>
			<key>children</key>
			<array>
				<string>00C302BA1ABCB90400DB3ED1</string>
			</array>
			<key>isa</key>
			<string>PBXGroup</string>
			<key>name</key>
			<string>Products</string>
			<key>sourceTree</key>
			<string>&lt;group&gt;</string>
		</dict>
		<key>00C302B91ABCB90400DB3ED1</key>
		<dict>
			<key>containerPortal</key>
			<string>00C302B51ABCB90400DB3ED1</string>
			<key>isa</key>
			<string>PBXContainerItemProxy</string>
			<key>proxyType</key>
			<string>2</string>
			<key>remoteGlobalIDString</key>
			<string>134814201AA4EA6300B7C361</string>
			<key>remoteInfo</key>
			<string>RCTGeolocation</string>
		</dict>
		<key>00C302BA1ABCB90400DB3ED1</key>
		<dict>
			<key>fileType</key>
			<string>archive.ar</string>
			<key>isa</key>
			<string>PBXReferenceProxy</string>
			<key>path</key>
			<string>libRCTGeolocation.a</string>
			<key>remoteRef</key>
			<string>00C302B91ABCB90400DB3ED1</string>
			<key>sourceTree</key>
			<string>BUILT_PRODUCTS_DIR</string>
		</dict>
		<key>00C302BB1ABCB91800DB3ED1</key>
		<dict>
			<key>isa</key>
			<string>PBXFileReference</string>
			<key>lastKnownFileType</key>
			<string>wrapper.pb-project</string>
			<key>name</key>
			<string>RCTImage.xcodeproj</string>
			<key>path</key>
			<string>../node_modules/react-native/Libraries/Image/RCTImage.xcodeproj</string>
			<key>sourceTree</key>
			<string>&lt;group&gt;</string>
		</dict>
		<key>00C302BC1ABCB91800DB3ED1</key>
		<dict>
			<key>children</key>
			<array>
				<string>00C302C01ABCB91800DB3ED1</string>
			</array>
			<key>isa</key>
			<string>PBXGroup</string>
			<key>name</key>
			<string>Products</string>
			<key>sourceTree</key>
			<string>&lt;group&gt;</string>
		</dict>
		<key>00C302BF1ABCB91800DB3ED1</key>
		<dict>
			<key>containerPortal</key>
			<string>00C302BB1ABCB91800DB3ED1</string>
			<key>isa</key>
			<string>PBXContainerItemProxy</string>
			<key>proxyType</key>
			<string>2</string>
			<key>remoteGlobalIDString</key>
			<string>58B5115D1A9E6B3D00147676</string>
			<key>remoteInfo</key>
			<string>RCTImage</string>
		</dict>
		<key>00C302C01ABCB91800DB3ED1</key>
		<dict>
			<key>fileType</key>
			<string>archive.ar</string>
			<key>isa</key>
			<string>PBXReferenceProxy</string>
			<key>path</key>
			<string>libRCTImage.a</string>
			<key>remoteRef</key>
			<string>00C302BF1ABCB91800DB3ED1</string>
			<key>sourceTree</key>
			<string>BUILT_PRODUCTS_DIR</string>
		</dict>
		<key>00C302D31ABCB9D200DB3ED1</key>
		<dict>
			<key>isa</key>
			<string>PBXFileReference</string>
			<key>lastKnownFileType</key>
			<string>wrapper.pb-project</string>
			<key>name</key>
			<string>RCTNetwork.xcodeproj</string>
			<key>path</key>
			<string>../node_modules/react-native/Libraries/Network/RCTNetwork.xcodeproj</string>
			<key>sourceTree</key>
			<string>&lt;group&gt;</string>
		</dict>
		<key>00C302D41ABCB9D200DB3ED1</key>
		<dict>
			<key>children</key>
			<array>
				<string>00C302DC1ABCB9D200DB3ED1</string>
			</array>
			<key>isa</key>
			<string>PBXGroup</string>
			<key>name</key>
			<string>Products</string>
			<key>sourceTree</key>
			<string>&lt;group&gt;</string>
		</dict>
		<key>00C302DB1ABCB9D200DB3ED1</key>
		<dict>
			<key>containerPortal</key>
			<string>00C302D31ABCB9D200DB3ED1</string>
			<key>isa</key>
			<string>PBXContainerItemProxy</string>
			<key>proxyType</key>
			<string>2</string>
			<key>remoteGlobalIDString</key>
			<string>58B511DB1A9E6C8500147676</string>
			<key>remoteInfo</key>
			<string>RCTNetwork</string>
		</dict>
		<key>00C302DC1ABCB9D200DB3ED1</key>
		<dict>
			<key>fileType</key>
			<string>archive.ar</string>
			<key>isa</key>
			<string>PBXReferenceProxy</string>
			<key>path</key>
			<string>libRCTNetwork.a</string>
			<key>remoteRef</key>
			<string>00C302DB1ABCB9D200DB3ED1</string>
			<key>sourceTree</key>
			<string>BUILT_PRODUCTS_DIR</string>
		</dict>
		<key>00C302DF1ABCB9EE00DB3ED1</key>
		<dict>
			<key>isa</key>
			<string>PBXFileReference</string>
			<key>lastKnownFileType</key>
			<string>wrapper.pb-project</string>
			<key>name</key>
			<string>RCTVibration.xcodeproj</string>
			<key>path</key>
			<string>../node_modules/react-native/Libraries/Vibration/RCTVibration.xcodeproj</string>
			<key>sourceTree</key>
			<string>&lt;group&gt;</string>
		</dict>
		<key>00C302E01ABCB9EE00DB3ED1</key>
		<dict>
			<key>children</key>
			<array>
				<string>00C302E41ABCB9EE00DB3ED1</string>
			</array>
			<key>isa</key>
			<string>PBXGroup</string>
			<key>name</key>
			<string>Products</string>
			<key>sourceTree</key>
			<string>&lt;group&gt;</string>
		</dict>
		<key>00C302E31ABCB9EE00DB3ED1</key>
		<dict>
			<key>containerPortal</key>
			<string>00C302DF1ABCB9EE00DB3ED1</string>
			<key>isa</key>
			<string>PBXContainerItemProxy</string>
			<key>proxyType</key>
			<string>2</string>
			<key>remoteGlobalIDString</key>
			<string>832C81801AAF6DEF007FA2F7</string>
			<key>remoteInfo</key>
			<string>RCTVibration</string>
		</dict>
		<key>00C302E41ABCB9EE00DB3ED1</key>
		<dict>
			<key>fileType</key>
			<string>archive.ar</string>
			<key>isa</key>
			<string>PBXReferenceProxy</string>
			<key>path</key>
			<string>libRCTVibration.a</string>
			<key>remoteRef</key>
			<string>00C302E31ABCB9EE00DB3ED1</string>
			<key>sourceTree</key>
			<string>BUILT_PRODUCTS_DIR</string>
		</dict>
		<key>00C302E51ABCBA2D00DB3ED1</key>
		<dict>
			<key>fileRef</key>
			<string>00C302AC1ABCB8CE00DB3ED1</string>
			<key>isa</key>
			<string>PBXBuildFile</string>
		</dict>
		<key>00C302E71ABCBA2D00DB3ED1</key>
		<dict>
			<key>fileRef</key>
			<string>00C302BA1ABCB90400DB3ED1</string>
			<key>isa</key>
			<string>PBXBuildFile</string>
		</dict>
		<key>00C302E81ABCBA2D00DB3ED1</key>
		<dict>
			<key>fileRef</key>
			<string>00C302C01ABCB91800DB3ED1</string>
			<key>isa</key>
			<string>PBXBuildFile</string>
		</dict>
		<key>00C302E91ABCBA2D00DB3ED1</key>
		<dict>
			<key>fileRef</key>
			<string>00C302DC1ABCB9D200DB3ED1</string>
			<key>isa</key>
			<string>PBXBuildFile</string>
		</dict>
		<key>00C302EA1ABCBA2D00DB3ED1</key>
		<dict>
			<key>fileRef</key>
			<string>00C302E41ABCB9EE00DB3ED1</string>
			<key>isa</key>
			<string>PBXBuildFile</string>
		</dict>
		<key>00DD1BFF1BD5951E006B06BC</key>
		<dict>
			<key>buildActionMask</key>
			<string>2147483647</string>
			<key>files</key>
			<array/>
			<key>inputPaths</key>
			<array/>
			<key>isa</key>
			<string>PBXShellScriptBuildPhase</string>
			<key>name</key>
			<string>Bundle React Native code and images</string>
			<key>outputPaths</key>
			<array/>
			<key>runOnlyForDeploymentPostprocessing</key>
			<string>0</string>
			<key>shellPath</key>
			<string>/bin/sh</string>
			<key>shellScript</key>
			<string>export NODE_BINARY=node
../node_modules/react-native/packager/react-native-xcode.sh</string>
		</dict>
		<key>00E356EA1AD99517003FC87E</key>
		<dict>
			<key>buildActionMask</key>
			<string>2147483647</string>
			<key>files</key>
			<array>
				<string>00E356F31AD99517003FC87E</string>
			</array>
			<key>isa</key>
			<string>PBXSourcesBuildPhase</string>
			<key>runOnlyForDeploymentPostprocessing</key>
			<string>0</string>
		</dict>
		<key>00E356EB1AD99517003FC87E</key>
		<dict>
			<key>buildActionMask</key>
			<string>2147483647</string>
			<key>files</key>
			<array>
				<string>AB775719152F502E89B715E6</string>
			</array>
			<key>isa</key>
			<string>PBXFrameworksBuildPhase</string>
			<key>runOnlyForDeploymentPostprocessing</key>
			<string>0</string>
		</dict>
		<key>00E356EC1AD99517003FC87E</key>
		<dict>
			<key>buildActionMask</key>
			<string>2147483647</string>
			<key>files</key>
			<array/>
			<key>isa</key>
			<string>PBXResourcesBuildPhase</string>
			<key>runOnlyForDeploymentPostprocessing</key>
			<string>0</string>
		</dict>
		<key>00E356ED1AD99517003FC87E</key>
		<dict>
			<key>buildConfigurationList</key>
			<string>00E357021AD99517003FC87E</string>
			<key>buildPhases</key>
			<array>
				<string>755A3E0113D3DD42401E6DEF</string>
				<string>00E356EA1AD99517003FC87E</string>
				<string>00E356EB1AD99517003FC87E</string>
				<string>00E356EC1AD99517003FC87E</string>
				<string>1510A719B6EC58F196C095EB</string>
				<string>B252039F9BCF419FB1B35166</string>
			</array>
			<key>buildRules</key>
			<array/>
			<key>dependencies</key>
			<array>
				<string>00E356F51AD99517003FC87E</string>
			</array>
			<key>isa</key>
			<string>PBXNativeTarget</string>
			<key>name</key>
			<string>WLPNTests</string>
			<key>productName</key>
			<string>WLPNTests</string>
			<key>productReference</key>
			<string>00E356EE1AD99517003FC87E</string>
			<key>productType</key>
			<string>com.apple.product-type.bundle.unit-test</string>
		</dict>
		<key>00E356EE1AD99517003FC87E</key>
		<dict>
			<key>explicitFileType</key>
			<string>wrapper.cfbundle</string>
			<key>includeInIndex</key>
			<string>0</string>
			<key>isa</key>
			<string>PBXFileReference</string>
			<key>path</key>
			<string>WLPNTests.xctest</string>
			<key>sourceTree</key>
			<string>BUILT_PRODUCTS_DIR</string>
		</dict>
		<key>00E356EF1AD99517003FC87E</key>
		<dict>
			<key>children</key>
			<array>
				<string>00E356F21AD99517003FC87E</string>
				<string>00E356F01AD99517003FC87E</string>
			</array>
			<key>isa</key>
			<string>PBXGroup</string>
			<key>path</key>
			<string>WLPNTests</string>
			<key>sourceTree</key>
			<string>&lt;group&gt;</string>
		</dict>
		<key>00E356F01AD99517003FC87E</key>
		<dict>
			<key>children</key>
			<array>
				<string>00E356F11AD99517003FC87E</string>
			</array>
			<key>isa</key>
			<string>PBXGroup</string>
			<key>name</key>
			<string>Supporting Files</string>
			<key>sourceTree</key>
			<string>&lt;group&gt;</string>
		</dict>
		<key>00E356F11AD99517003FC87E</key>
		<dict>
			<key>isa</key>
			<string>PBXFileReference</string>
			<key>lastKnownFileType</key>
			<string>text.plist.xml</string>
			<key>path</key>
			<string>Info.plist</string>
			<key>sourceTree</key>
			<string>&lt;group&gt;</string>
		</dict>
		<key>00E356F21AD99517003FC87E</key>
		<dict>
			<key>isa</key>
			<string>PBXFileReference</string>
			<key>lastKnownFileType</key>
			<string>sourcecode.c.objc</string>
			<key>path</key>
			<string>WLPNTests.m</string>
			<key>sourceTree</key>
			<string>&lt;group&gt;</string>
		</dict>
		<key>00E356F31AD99517003FC87E</key>
		<dict>
			<key>fileRef</key>
			<string>00E356F21AD99517003FC87E</string>
			<key>isa</key>
			<string>PBXBuildFile</string>
		</dict>
		<key>00E356F41AD99517003FC87E</key>
		<dict>
			<key>containerPortal</key>
			<string>83CBB9F71A601CBA00E9B192</string>
			<key>isa</key>
			<string>PBXContainerItemProxy</string>
			<key>proxyType</key>
			<string>1</string>
			<key>remoteGlobalIDString</key>
			<string>13B07F861A680F5B00A75B9A</string>
			<key>remoteInfo</key>
			<string>WLPN</string>
		</dict>
		<key>00E356F51AD99517003FC87E</key>
		<dict>
			<key>isa</key>
			<string>PBXTargetDependency</string>
			<key>target</key>
			<string>13B07F861A680F5B00A75B9A</string>
			<key>targetProxy</key>
			<string>00E356F41AD99517003FC87E</string>
		</dict>
		<key>00E356F61AD99517003FC87E</key>
		<dict>
			<key>baseConfigurationReference</key>
			<string>C60447BCF915A249A7F45439</string>
			<key>buildSettings</key>
			<dict>
				<key>BUNDLE_LOADER</key>
				<string>$(TEST_HOST)</string>
				<key>GCC_PREPROCESSOR_DEFINITIONS</key>
				<array>
					<string>DEBUG=1</string>
					<string>$(inherited)</string>
				</array>
				<key>INFOPLIST_FILE</key>
				<string>WLPNTests/Info.plist</string>
				<key>IPHONEOS_DEPLOYMENT_TARGET</key>
				<string>8.2</string>
				<key>LD_RUNPATH_SEARCH_PATHS</key>
				<string>$(inherited) @executable_path/Frameworks @loader_path/Frameworks</string>
				<key>LIBRARY_SEARCH_PATHS</key>
				<array>
					<string>$(inherited)</string>
					<string>"$(SRCROOT)/$(TARGET_NAME)"</string>
				</array>
				<key>PRODUCT_NAME</key>
				<string>$(TARGET_NAME)</string>
				<key>TEST_HOST</key>
				<string>$(BUILT_PRODUCTS_DIR)/WLPN.app/WLPN</string>
			</dict>
			<key>isa</key>
			<string>XCBuildConfiguration</string>
			<key>name</key>
			<string>Debug</string>
		</dict>
		<key>00E356F71AD99517003FC87E</key>
		<dict>
			<key>baseConfigurationReference</key>
			<string>7BC13D485EEC90A5C797D6EA</string>
			<key>buildSettings</key>
			<dict>
				<key>BUNDLE_LOADER</key>
				<string>$(TEST_HOST)</string>
				<key>COPY_PHASE_STRIP</key>
				<string>NO</string>
				<key>INFOPLIST_FILE</key>
				<string>WLPNTests/Info.plist</string>
				<key>IPHONEOS_DEPLOYMENT_TARGET</key>
				<string>8.2</string>
				<key>LD_RUNPATH_SEARCH_PATHS</key>
				<string>$(inherited) @executable_path/Frameworks @loader_path/Frameworks</string>
				<key>LIBRARY_SEARCH_PATHS</key>
				<array>
					<string>$(inherited)</string>
					<string>"$(SRCROOT)/$(TARGET_NAME)"</string>
				</array>
				<key>PRODUCT_NAME</key>
				<string>$(TARGET_NAME)</string>
				<key>TEST_HOST</key>
				<string>$(BUILT_PRODUCTS_DIR)/WLPN.app/WLPN</string>
			</dict>
			<key>isa</key>
			<string>XCBuildConfiguration</string>
			<key>name</key>
			<string>Release</string>
		</dict>
		<key>00E357021AD99517003FC87E</key>
		<dict>
			<key>buildConfigurations</key>
			<array>
				<string>00E356F61AD99517003FC87E</string>
				<string>00E356F71AD99517003FC87E</string>
			</array>
			<key>defaultConfigurationIsVisible</key>
			<string>0</string>
			<key>defaultConfigurationName</key>
			<string>Release</string>
			<key>isa</key>
			<string>XCConfigurationList</string>
		</dict>
		<key>065237153382660DAD9B910F</key>
		<dict>
			<key>fileRef</key>
			<string>56A6C793C243938D9E317B19</string>
			<key>isa</key>
			<string>PBXBuildFile</string>
		</dict>
		<key>0E23C9ECB8B80ADC4F2AE116</key>
		<dict>
			<key>explicitFileType</key>
			<string>archive.ar</string>
			<key>includeInIndex</key>
			<string>0</string>
			<key>isa</key>
			<string>PBXFileReference</string>
			<key>path</key>
			<string>libPods-WLPNTests.a</string>
			<key>sourceTree</key>
			<string>BUILT_PRODUCTS_DIR</string>
		</dict>
		<key>11C27BEF77488EC7B9DCE860</key>
		<dict>
			<key>isa</key>
			<string>PBXFileReference</string>
			<key>lastKnownFileType</key>
			<string>wrapper.framework</string>
			<key>name</key>
			<string>AssetsLibrary.framework</string>
			<key>path</key>
			<string>System/Library/Frameworks/AssetsLibrary.framework</string>
			<key>sourceTree</key>
			<string>SDKROOT</string>
		</dict>
		<key>12BDB931622171CF65D18BA1</key>
		<dict>
			<key>isa</key>
			<string>PBXFileReference</string>
			<key>lastKnownFileType</key>
			<string>wrapper.framework</string>
			<key>name</key>
			<string>BuddyBuildSDK.framework</string>
			<key>path</key>
			<string>BuddyBuildSDK.framework</string>
			<key>sourceTree</key>
			<string>&lt;group&gt;</string>
		</dict>
		<key>133E29F31AD74F7200F7D852</key>
		<dict>
			<key>fileRef</key>
			<string>78C398B91ACF4ADC00677621</string>
			<key>isa</key>
			<string>PBXBuildFile</string>
		</dict>
		<key>139105B61AF99BAD00B5F7CC</key>
		<dict>
			<key>isa</key>
			<string>PBXFileReference</string>
			<key>lastKnownFileType</key>
			<string>wrapper.pb-project</string>
			<key>name</key>
			<string>RCTSettings.xcodeproj</string>
			<key>path</key>
			<string>../node_modules/react-native/Libraries/Settings/RCTSettings.xcodeproj</string>
			<key>sourceTree</key>
			<string>&lt;group&gt;</string>
		</dict>
		<key>139105B71AF99BAD00B5F7CC</key>
		<dict>
			<key>children</key>
			<array>
				<string>139105C11AF99BAD00B5F7CC</string>
			</array>
			<key>isa</key>
			<string>PBXGroup</string>
			<key>name</key>
			<string>Products</string>
			<key>sourceTree</key>
			<string>&lt;group&gt;</string>
		</dict>
		<key>139105C01AF99BAD00B5F7CC</key>
		<dict>
			<key>containerPortal</key>
			<string>139105B61AF99BAD00B5F7CC</string>
			<key>isa</key>
			<string>PBXContainerItemProxy</string>
			<key>proxyType</key>
			<string>2</string>
			<key>remoteGlobalIDString</key>
			<string>134814201AA4EA6300B7C361</string>
			<key>remoteInfo</key>
			<string>RCTSettings</string>
		</dict>
		<key>139105C11AF99BAD00B5F7CC</key>
		<dict>
			<key>fileType</key>
			<string>archive.ar</string>
			<key>isa</key>
			<string>PBXReferenceProxy</string>
			<key>path</key>
			<string>libRCTSettings.a</string>
			<key>remoteRef</key>
			<string>139105C01AF99BAD00B5F7CC</string>
			<key>sourceTree</key>
			<string>BUILT_PRODUCTS_DIR</string>
		</dict>
		<key>139105C61AF99C1200B5F7CC</key>
		<dict>
			<key>fileRef</key>
			<string>139105C11AF99BAD00B5F7CC</string>
			<key>isa</key>
			<string>PBXBuildFile</string>
		</dict>
		<key>139FDEE61B06529A00C62182</key>
		<dict>
			<key>isa</key>
			<string>PBXFileReference</string>
			<key>lastKnownFileType</key>
			<string>wrapper.pb-project</string>
			<key>name</key>
			<string>RCTWebSocket.xcodeproj</string>
			<key>path</key>
			<string>../node_modules/react-native/Libraries/WebSocket/RCTWebSocket.xcodeproj</string>
			<key>sourceTree</key>
			<string>&lt;group&gt;</string>
		</dict>
		<key>139FDEE71B06529A00C62182</key>
		<dict>
			<key>children</key>
			<array>
				<string>139FDEF41B06529B00C62182</string>
			</array>
			<key>isa</key>
			<string>PBXGroup</string>
			<key>name</key>
			<string>Products</string>
			<key>sourceTree</key>
			<string>&lt;group&gt;</string>
		</dict>
		<key>139FDEF31B06529B00C62182</key>
		<dict>
			<key>containerPortal</key>
			<string>139FDEE61B06529A00C62182</string>
			<key>isa</key>
			<string>PBXContainerItemProxy</string>
			<key>proxyType</key>
			<string>2</string>
			<key>remoteGlobalIDString</key>
			<string>3C86DF461ADF2C930047B81A</string>
			<key>remoteInfo</key>
			<string>RCTWebSocket</string>
		</dict>
		<key>139FDEF41B06529B00C62182</key>
		<dict>
			<key>fileType</key>
			<string>archive.ar</string>
			<key>isa</key>
			<string>PBXReferenceProxy</string>
			<key>path</key>
			<string>libRCTWebSocket.a</string>
			<key>remoteRef</key>
			<string>139FDEF31B06529B00C62182</string>
			<key>sourceTree</key>
			<string>BUILT_PRODUCTS_DIR</string>
		</dict>
		<key>139FDEF61B0652A700C62182</key>
		<dict>
			<key>fileRef</key>
			<string>139FDEF41B06529B00C62182</string>
			<key>isa</key>
			<string>PBXBuildFile</string>
		</dict>
		<key>13B07F861A680F5B00A75B9A</key>
		<dict>
			<key>buildConfigurationList</key>
			<string>13B07F931A680F5B00A75B9A</string>
			<key>buildPhases</key>
			<array>
				<string>2F17F3689B40B5F34DAB0B4D</string>
				<string>13B07F871A680F5B00A75B9A</string>
				<string>13B07F8C1A680F5B00A75B9A</string>
				<string>13B07F8E1A680F5B00A75B9A</string>
				<string>00DD1BFF1BD5951E006B06BC</string>
				<string>D91A244148D9AE09F0C20388</string>
				<string>D1F20B4F16D5E298C1472BA6</string>
			</array>
			<key>buildRules</key>
			<array/>
			<key>dependencies</key>
			<array/>
			<key>isa</key>
			<string>PBXNativeTarget</string>
			<key>name</key>
			<string>WLPN</string>
			<key>productName</key>
			<string>Hello World</string>
			<key>productReference</key>
			<string>13B07F961A680F5B00A75B9A</string>
			<key>productType</key>
			<string>com.apple.product-type.application</string>
		</dict>
		<key>13B07F871A680F5B00A75B9A</key>
		<dict>
			<key>buildActionMask</key>
			<string>2147483647</string>
			<key>files</key>
			<array>
				<string>13B07FBC1A68108700A75B9A</string>
				<string>13B07FC11A68108700A75B9A</string>
			</array>
			<key>isa</key>
			<string>PBXSourcesBuildPhase</string>
			<key>runOnlyForDeploymentPostprocessing</key>
			<string>0</string>
		</dict>
		<key>13B07F8C1A680F5B00A75B9A</key>
		<dict>
			<key>buildActionMask</key>
			<string>2147483647</string>
			<key>files</key>
			<array>
				<string>146834051AC3E58100842450</string>
				<string>00C302E51ABCBA2D00DB3ED1</string>
				<string>00C302E71ABCBA2D00DB3ED1</string>
				<string>00C302E81ABCBA2D00DB3ED1</string>
				<string>133E29F31AD74F7200F7D852</string>
				<string>00C302E91ABCBA2D00DB3ED1</string>
				<string>139105C61AF99C1200B5F7CC</string>
				<string>832341BD1AAA6AB300B99B32</string>
				<string>00C302EA1ABCBA2D00DB3ED1</string>
				<string>139FDEF61B0652A700C62182</string>
				<string>1E85297D4BEF4D3785F873C0</string>
				<string>43FFDBC12EBE51ECDB99C9D6</string>
				<string>C6386B8A98F3B8193A12F027</string>
				<string>9990F000E17F6A18CEEAB6B1</string>
				<string>8E9546E7D7BEBA121ABA60EE</string>
				<string>AEA4F015BF8916968C0A350D</string>
				<string>894BFC20D2EBD4617B987FC3</string>
				<string>FF699DB7A32F7595206E7F07</string>
				<string>C98532037F1D27B6B616839A</string>
				<string>85251FE19A3323499C0C78B6</string>
				<string>065237153382660DAD9B910F</string>
			</array>
			<key>isa</key>
			<string>PBXFrameworksBuildPhase</string>
			<key>runOnlyForDeploymentPostprocessing</key>
			<string>0</string>
		</dict>
		<key>13B07F8E1A680F5B00A75B9A</key>
		<dict>
			<key>buildActionMask</key>
			<string>2147483647</string>
			<key>files</key>
			<array>
				<string>DD665B6E1D64015000055644</string>
				<string>13B07FBF1A68108700A75B9A</string>
				<string>13B07FBD1A68108700A75B9A</string>
			</array>
			<key>isa</key>
			<string>PBXResourcesBuildPhase</string>
			<key>runOnlyForDeploymentPostprocessing</key>
			<string>0</string>
		</dict>
		<key>13B07F931A680F5B00A75B9A</key>
		<dict>
			<key>buildConfigurations</key>
			<array>
				<string>13B07F941A680F5B00A75B9A</string>
				<string>13B07F951A680F5B00A75B9A</string>
			</array>
			<key>defaultConfigurationIsVisible</key>
			<string>0</string>
			<key>defaultConfigurationName</key>
			<string>Release</string>
			<key>isa</key>
			<string>XCConfigurationList</string>
		</dict>
		<key>13B07F941A680F5B00A75B9A</key>
		<dict>
			<key>baseConfigurationReference</key>
			<string>4DC08A344846D93E8CB1B433</string>
			<key>buildSettings</key>
			<dict>
				<key>ASSETCATALOG_COMPILER_APPICON_NAME</key>
				<string>AppIcon</string>
				<key>DEAD_CODE_STRIPPING</key>
				<string>NO</string>
				<key>FRAMEWORK_SEARCH_PATHS</key>
				<array>
					<string>$(inherited)</string>
					<string>$(PROJECT_DIR)</string>
				</array>
				<key>HEADER_SEARCH_PATHS</key>
				<array>
					<string>$(inherited)</string>
					<string>/Applications/Xcode.app/Contents/Developer/Toolchains/XcodeDefault.xctoolchain/usr/include</string>
					<string>$(SRCROOT)/../node_modules/react-native/React/**</string>
					<string>$(SRCROOT)/../node_modules/react-native-video</string>
				</array>
				<key>INFOPLIST_FILE</key>
				<string>WLPN/Info.plist</string>
				<key>LD_RUNPATH_SEARCH_PATHS</key>
				<string>$(inherited) @executable_path/Frameworks</string>
				<key>OTHER_LDFLAGS</key>
				<array>
					<string>$(inherited)</string>
					<string>-ObjC</string>
					<string>-lc++</string>
				</array>
				<key>PRODUCT_NAME</key>
				<string>WLPN</string>
			</dict>
			<key>isa</key>
			<string>XCBuildConfiguration</string>
			<key>name</key>
			<string>Debug</string>
		</dict>
		<key>13B07F951A680F5B00A75B9A</key>
		<dict>
			<key>baseConfigurationReference</key>
			<string>6D07DDDFEA04582C6A10D64A</string>
			<key>buildSettings</key>
			<dict>
				<key>ASSETCATALOG_COMPILER_APPICON_NAME</key>
				<string>AppIcon</string>
				<key>FRAMEWORK_SEARCH_PATHS</key>
				<array>
					<string>$(inherited)</string>
					<string>$(PROJECT_DIR)</string>
				</array>
				<key>HEADER_SEARCH_PATHS</key>
				<array>
					<string>$(inherited)</string>
					<string>/Applications/Xcode.app/Contents/Developer/Toolchains/XcodeDefault.xctoolchain/usr/include</string>
					<string>$(SRCROOT)/../node_modules/react-native/React/**</string>
					<string>$(SRCROOT)/../node_modules/react-native-video</string>
				</array>
				<key>INFOPLIST_FILE</key>
				<string>WLPN/Info.plist</string>
				<key>LD_RUNPATH_SEARCH_PATHS</key>
				<string>$(inherited) @executable_path/Frameworks</string>
				<key>OTHER_LDFLAGS</key>
				<array>
					<string>$(inherited)</string>
					<string>-ObjC</string>
					<string>-lc++</string>
				</array>
				<key>PRODUCT_NAME</key>
				<string>WLPN</string>
			</dict>
			<key>isa</key>
			<string>XCBuildConfiguration</string>
			<key>name</key>
			<string>Release</string>
		</dict>
		<key>13B07F961A680F5B00A75B9A</key>
		<dict>
			<key>explicitFileType</key>
			<string>wrapper.application</string>
			<key>includeInIndex</key>
			<string>0</string>
			<key>isa</key>
			<string>PBXFileReference</string>
			<key>path</key>
			<string>WLPN.app</string>
			<key>sourceTree</key>
			<string>BUILT_PRODUCTS_DIR</string>
		</dict>
		<key>13B07FAE1A68108700A75B9A</key>
		<dict>
			<key>children</key>
			<array>
				<string>008F07F21AC5B25A0029DE68</string>
				<string>13B07FAF1A68108700A75B9A</string>
				<string>13B07FB01A68108700A75B9A</string>
				<string>13B07FB51A68108700A75B9A</string>
				<string>13B07FB61A68108700A75B9A</string>
				<string>13B07FB11A68108700A75B9A</string>
				<string>13B07FB71A68108700A75B9A</string>
			</array>
			<key>isa</key>
			<string>PBXGroup</string>
			<key>name</key>
			<string>WLPN</string>
			<key>sourceTree</key>
			<string>&lt;group&gt;</string>
		</dict>
		<key>13B07FAF1A68108700A75B9A</key>
		<dict>
			<key>fileEncoding</key>
			<string>4</string>
			<key>isa</key>
			<string>PBXFileReference</string>
			<key>lastKnownFileType</key>
			<string>sourcecode.c.h</string>
			<key>name</key>
			<string>AppDelegate.h</string>
			<key>path</key>
			<string>WLPN/AppDelegate.h</string>
			<key>sourceTree</key>
			<string>&lt;group&gt;</string>
		</dict>
		<key>13B07FB01A68108700A75B9A</key>
		<dict>
			<key>fileEncoding</key>
			<string>4</string>
			<key>isa</key>
			<string>PBXFileReference</string>
			<key>lastKnownFileType</key>
			<string>sourcecode.c.objc</string>
			<key>name</key>
			<string>AppDelegate.m</string>
			<key>path</key>
			<string>WLPN/AppDelegate.m</string>
			<key>sourceTree</key>
			<string>&lt;group&gt;</string>
		</dict>
		<key>13B07FB11A68108700A75B9A</key>
		<dict>
			<key>children</key>
			<array>
				<string>13B07FB21A68108700A75B9A</string>
			</array>
			<key>isa</key>
			<string>PBXVariantGroup</string>
			<key>name</key>
			<string>LaunchScreen.xib</string>
			<key>path</key>
			<string>WLPN</string>
			<key>sourceTree</key>
			<string>&lt;group&gt;</string>
		</dict>
		<key>13B07FB21A68108700A75B9A</key>
		<dict>
			<key>isa</key>
			<string>PBXFileReference</string>
			<key>lastKnownFileType</key>
			<string>file.xib</string>
			<key>name</key>
			<string>Base</string>
			<key>path</key>
			<string>Base.lproj/LaunchScreen.xib</string>
			<key>sourceTree</key>
			<string>&lt;group&gt;</string>
		</dict>
		<key>13B07FB51A68108700A75B9A</key>
		<dict>
			<key>isa</key>
			<string>PBXFileReference</string>
			<key>lastKnownFileType</key>
			<string>folder.assetcatalog</string>
			<key>name</key>
			<string>Images.xcassets</string>
			<key>path</key>
			<string>WLPN/Images.xcassets</string>
			<key>sourceTree</key>
			<string>&lt;group&gt;</string>
		</dict>
		<key>13B07FB61A68108700A75B9A</key>
		<dict>
			<key>fileEncoding</key>
			<string>4</string>
			<key>isa</key>
			<string>PBXFileReference</string>
			<key>lastKnownFileType</key>
			<string>text.plist.xml</string>
			<key>name</key>
			<string>Info.plist</string>
			<key>path</key>
			<string>WLPN/Info.plist</string>
			<key>sourceTree</key>
			<string>&lt;group&gt;</string>
		</dict>
		<key>13B07FB71A68108700A75B9A</key>
		<dict>
			<key>fileEncoding</key>
			<string>4</string>
			<key>isa</key>
			<string>PBXFileReference</string>
			<key>lastKnownFileType</key>
			<string>sourcecode.c.objc</string>
			<key>name</key>
			<string>main.m</string>
			<key>path</key>
			<string>WLPN/main.m</string>
			<key>sourceTree</key>
			<string>&lt;group&gt;</string>
		</dict>
		<key>13B07FBC1A68108700A75B9A</key>
		<dict>
			<key>fileRef</key>
			<string>13B07FB01A68108700A75B9A</string>
			<key>isa</key>
			<string>PBXBuildFile</string>
		</dict>
		<key>13B07FBD1A68108700A75B9A</key>
		<dict>
			<key>fileRef</key>
			<string>13B07FB11A68108700A75B9A</string>
			<key>isa</key>
			<string>PBXBuildFile</string>
		</dict>
		<key>13B07FBF1A68108700A75B9A</key>
		<dict>
			<key>fileRef</key>
			<string>13B07FB51A68108700A75B9A</string>
			<key>isa</key>
			<string>PBXBuildFile</string>
		</dict>
		<key>13B07FC11A68108700A75B9A</key>
		<dict>
			<key>fileRef</key>
			<string>13B07FB71A68108700A75B9A</string>
			<key>isa</key>
			<string>PBXBuildFile</string>
		</dict>
		<key>146833FF1AC3E56700842450</key>
		<dict>
			<key>isa</key>
			<string>PBXFileReference</string>
			<key>lastKnownFileType</key>
			<string>wrapper.pb-project</string>
			<key>name</key>
			<string>React.xcodeproj</string>
			<key>path</key>
			<string>../node_modules/react-native/React/React.xcodeproj</string>
			<key>sourceTree</key>
			<string>&lt;group&gt;</string>
		</dict>
		<key>146834001AC3E56700842450</key>
		<dict>
			<key>children</key>
			<array>
				<string>146834041AC3E56700842450</string>
			</array>
			<key>isa</key>
			<string>PBXGroup</string>
			<key>name</key>
			<string>Products</string>
			<key>sourceTree</key>
			<string>&lt;group&gt;</string>
		</dict>
		<key>146834031AC3E56700842450</key>
		<dict>
			<key>containerPortal</key>
			<string>146833FF1AC3E56700842450</string>
			<key>isa</key>
			<string>PBXContainerItemProxy</string>
			<key>proxyType</key>
			<string>2</string>
			<key>remoteGlobalIDString</key>
			<string>83CBBA2E1A601D0E00E9B192</string>
			<key>remoteInfo</key>
			<string>React</string>
		</dict>
		<key>146834041AC3E56700842450</key>
		<dict>
			<key>fileType</key>
			<string>archive.ar</string>
			<key>isa</key>
			<string>PBXReferenceProxy</string>
			<key>path</key>
			<string>libReact.a</string>
			<key>remoteRef</key>
			<string>146834031AC3E56700842450</string>
			<key>sourceTree</key>
			<string>BUILT_PRODUCTS_DIR</string>
		</dict>
		<key>146834051AC3E58100842450</key>
		<dict>
			<key>fileRef</key>
			<string>146834041AC3E56700842450</string>
			<key>isa</key>
			<string>PBXBuildFile</string>
		</dict>
		<key>1510A719B6EC58F196C095EB</key>
		<dict>
			<key>buildActionMask</key>
			<string>2147483647</string>
			<key>files</key>
			<array/>
			<key>inputPaths</key>
			<array/>
			<key>isa</key>
			<string>PBXShellScriptBuildPhase</string>
			<key>name</key>
			<string>[CP] Embed Pods Frameworks</string>
			<key>outputPaths</key>
			<array/>
			<key>runOnlyForDeploymentPostprocessing</key>
			<string>0</string>
			<key>shellPath</key>
			<string>/bin/sh</string>
			<key>shellScript</key>
			<string>"${SRCROOT}/Pods/Target Support Files/Pods-WLPNTests/Pods-WLPNTests-frameworks.sh"
</string>
			<key>showEnvVarsInLog</key>
			<string>0</string>
		</dict>
		<key>1E85297D4BEF4D3785F873C0</key>
		<dict>
			<key>fileRef</key>
			<string>987A1B8D8E4044F985B24305</string>
			<key>isa</key>
			<string>PBXBuildFile</string>
		</dict>
		<key>2F17F3689B40B5F34DAB0B4D</key>
		<dict>
			<key>buildActionMask</key>
			<string>2147483647</string>
			<key>files</key>
			<array/>
			<key>inputPaths</key>
			<array/>
			<key>isa</key>
			<string>PBXShellScriptBuildPhase</string>
			<key>name</key>
			<string>[CP] Check Pods Manifest.lock</string>
			<key>outputPaths</key>
			<array/>
			<key>runOnlyForDeploymentPostprocessing</key>
			<string>0</string>
			<key>shellPath</key>
			<string>/bin/sh</string>
			<key>shellScript</key>
			<string>diff "${PODS_ROOT}/../Podfile.lock" "${PODS_ROOT}/Manifest.lock" &gt; /dev/null
if [ $? != 0 ] ; then
    # print error to STDERR
    echo "error: The sandbox is not in sync with the Podfile.lock. Run 'pod install' or update your CocoaPods installation." &gt;&amp;2
    exit 1
fi
</string>
			<key>showEnvVarsInLog</key>
			<string>0</string>
		</dict>
		<key>405EC976105A45A19CF4F9C1</key>
		<dict>
			<key>explicitFileType</key>
			<string>undefined</string>
			<key>fileEncoding</key>
			<string>9</string>
			<key>includeInIndex</key>
			<string>0</string>
			<key>isa</key>
			<string>PBXFileReference</string>
			<key>lastKnownFileType</key>
			<string>wrapper.pb-project</string>
			<key>name</key>
			<string>RCTVideo.xcodeproj</string>
			<key>path</key>
			<string>../node_modules/react-native-video/RCTVideo.xcodeproj</string>
			<key>sourceTree</key>
			<string>&lt;group&gt;</string>
		</dict>
		<key>43FFDBC12EBE51ECDB99C9D6</key>
		<dict>
			<key>fileRef</key>
			<string>EBEA79209545CBD9BA62A98E</string>
			<key>isa</key>
			<string>PBXBuildFile</string>
		</dict>
		<key>4DC08A344846D93E8CB1B433</key>
		<dict>
			<key>includeInIndex</key>
			<string>1</string>
			<key>isa</key>
			<string>PBXFileReference</string>
			<key>lastKnownFileType</key>
			<string>text.xcconfig</string>
			<key>name</key>
			<string>Pods-WLPN.debug.xcconfig</string>
			<key>path</key>
			<string>Pods/Target Support Files/Pods-WLPN/Pods-WLPN.debug.xcconfig</string>
			<key>sourceTree</key>
			<string>&lt;group&gt;</string>
		</dict>
		<key>509395D532F057654BA1E126</key>
		<dict>
			<key>isa</key>
			<string>PBXFileReference</string>
			<key>lastKnownFileType</key>
			<string>wrapper.framework</string>
			<key>name</key>
			<string>AVFoundation.framework</string>
			<key>path</key>
			<string>System/Library/Frameworks/AVFoundation.framework</string>
			<key>sourceTree</key>
			<string>SDKROOT</string>
		</dict>
		<key>56A6C793C243938D9E317B19</key>
		<dict>
			<key>isa</key>
			<string>PBXFileReference</string>
			<key>lastKnownFileType</key>
			<string>wrapper.framework</string>
			<key>name</key>
			<string>CoreVideo.framework</string>
			<key>path</key>
			<string>System/Library/Frameworks/CoreVideo.framework</string>
			<key>sourceTree</key>
			<string>SDKROOT</string>
		</dict>
		<key>6D07DDDFEA04582C6A10D64A</key>
		<dict>
			<key>includeInIndex</key>
			<string>1</string>
			<key>isa</key>
			<string>PBXFileReference</string>
			<key>lastKnownFileType</key>
			<string>text.xcconfig</string>
			<key>name</key>
			<string>Pods-WLPN.release.xcconfig</string>
			<key>path</key>
			<string>Pods/Target Support Files/Pods-WLPN/Pods-WLPN.release.xcconfig</string>
			<key>sourceTree</key>
			<string>&lt;group&gt;</string>
		</dict>
		<key>755A3E0113D3DD42401E6DEF</key>
		<dict>
			<key>buildActionMask</key>
			<string>2147483647</string>
			<key>files</key>
			<array/>
			<key>inputPaths</key>
			<array/>
			<key>isa</key>
			<string>PBXShellScriptBuildPhase</string>
			<key>name</key>
			<string>[CP] Check Pods Manifest.lock</string>
			<key>outputPaths</key>
			<array/>
			<key>runOnlyForDeploymentPostprocessing</key>
			<string>0</string>
			<key>shellPath</key>
			<string>/bin/sh</string>
			<key>shellScript</key>
			<string>diff "${PODS_ROOT}/../Podfile.lock" "${PODS_ROOT}/Manifest.lock" &gt; /dev/null
if [ $? != 0 ] ; then
    # print error to STDERR
    echo "error: The sandbox is not in sync with the Podfile.lock. Run 'pod install' or update your CocoaPods installation." &gt;&amp;2
    exit 1
fi
</string>
			<key>showEnvVarsInLog</key>
			<string>0</string>
		</dict>
		<key>78C398B01ACF4ADC00677621</key>
		<dict>
			<key>isa</key>
			<string>PBXFileReference</string>
			<key>lastKnownFileType</key>
			<string>wrapper.pb-project</string>
			<key>name</key>
			<string>RCTLinking.xcodeproj</string>
			<key>path</key>
			<string>../node_modules/react-native/Libraries/LinkingIOS/RCTLinking.xcodeproj</string>
			<key>sourceTree</key>
			<string>&lt;group&gt;</string>
		</dict>
		<key>78C398B11ACF4ADC00677621</key>
		<dict>
			<key>children</key>
			<array>
				<string>78C398B91ACF4ADC00677621</string>
			</array>
			<key>isa</key>
			<string>PBXGroup</string>
			<key>name</key>
			<string>Products</string>
			<key>sourceTree</key>
			<string>&lt;group&gt;</string>
		</dict>
		<key>78C398B81ACF4ADC00677621</key>
		<dict>
			<key>containerPortal</key>
			<string>78C398B01ACF4ADC00677621</string>
			<key>isa</key>
			<string>PBXContainerItemProxy</string>
			<key>proxyType</key>
			<string>2</string>
			<key>remoteGlobalIDString</key>
			<string>134814201AA4EA6300B7C361</string>
			<key>remoteInfo</key>
			<string>RCTLinking</string>
		</dict>
		<key>78C398B91ACF4ADC00677621</key>
		<dict>
			<key>fileType</key>
			<string>archive.ar</string>
			<key>isa</key>
			<string>PBXReferenceProxy</string>
			<key>path</key>
			<string>libRCTLinking.a</string>
			<key>remoteRef</key>
			<string>78C398B81ACF4ADC00677621</string>
			<key>sourceTree</key>
			<string>BUILT_PRODUCTS_DIR</string>
		</dict>
		<key>7BC13D485EEC90A5C797D6EA</key>
		<dict>
			<key>includeInIndex</key>
			<string>1</string>
			<key>isa</key>
			<string>PBXFileReference</string>
			<key>lastKnownFileType</key>
			<string>text.xcconfig</string>
			<key>name</key>
			<string>Pods-WLPNTests.release.xcconfig</string>
			<key>path</key>
			<string>Pods/Target Support Files/Pods-WLPNTests/Pods-WLPNTests.release.xcconfig</string>
			<key>sourceTree</key>
			<string>&lt;group&gt;</string>
		</dict>
		<key>7E69CC454B74B7D3453DC6E8</key>
		<dict>
			<key>children</key>
			<array>
				<string>4DC08A344846D93E8CB1B433</string>
				<string>6D07DDDFEA04582C6A10D64A</string>
				<string>C60447BCF915A249A7F45439</string>
				<string>7BC13D485EEC90A5C797D6EA</string>
			</array>
			<key>isa</key>
			<string>PBXGroup</string>
			<key>name</key>
			<string>Pods</string>
			<key>sourceTree</key>
			<string>&lt;group&gt;</string>
		</dict>
		<key>832341AE1AAA6A7D00B99B32</key>
		<dict>
			<key>children</key>
			<array>
				<string>146833FF1AC3E56700842450</string>
				<string>00C302A71ABCB8CE00DB3ED1</string>
				<string>00C302B51ABCB90400DB3ED1</string>
				<string>00C302BB1ABCB91800DB3ED1</string>
				<string>78C398B01ACF4ADC00677621</string>
				<string>00C302D31ABCB9D200DB3ED1</string>
				<string>139105B61AF99BAD00B5F7CC</string>
				<string>832341B01AAA6A8300B99B32</string>
				<string>00C302DF1ABCB9EE00DB3ED1</string>
				<string>139FDEE61B06529A00C62182</string>
				<string>405EC976105A45A19CF4F9C1</string>
			</array>
			<key>isa</key>
			<string>PBXGroup</string>
			<key>name</key>
			<string>Libraries</string>
			<key>sourceTree</key>
			<string>&lt;group&gt;</string>
		</dict>
		<key>832341B01AAA6A8300B99B32</key>
		<dict>
			<key>isa</key>
			<string>PBXFileReference</string>
			<key>lastKnownFileType</key>
			<string>wrapper.pb-project</string>
			<key>name</key>
			<string>RCTText.xcodeproj</string>
			<key>path</key>
			<string>../node_modules/react-native/Libraries/Text/RCTText.xcodeproj</string>
			<key>sourceTree</key>
			<string>&lt;group&gt;</string>
		</dict>
		<key>832341B11AAA6A8300B99B32</key>
		<dict>
			<key>children</key>
			<array>
				<string>832341B51AAA6A8300B99B32</string>
			</array>
			<key>isa</key>
			<string>PBXGroup</string>
			<key>name</key>
			<string>Products</string>
			<key>sourceTree</key>
			<string>&lt;group&gt;</string>
		</dict>
		<key>832341B41AAA6A8300B99B32</key>
		<dict>
			<key>containerPortal</key>
			<string>832341B01AAA6A8300B99B32</string>
			<key>isa</key>
			<string>PBXContainerItemProxy</string>
			<key>proxyType</key>
			<string>2</string>
			<key>remoteGlobalIDString</key>
			<string>58B5119B1A9E6C1200147676</string>
			<key>remoteInfo</key>
			<string>RCTText</string>
		</dict>
		<key>832341B51AAA6A8300B99B32</key>
		<dict>
			<key>fileType</key>
			<string>archive.ar</string>
			<key>isa</key>
			<string>PBXReferenceProxy</string>
			<key>path</key>
			<string>libRCTText.a</string>
			<key>remoteRef</key>
			<string>832341B41AAA6A8300B99B32</string>
			<key>sourceTree</key>
			<string>BUILT_PRODUCTS_DIR</string>
		</dict>
		<key>832341BD1AAA6AB300B99B32</key>
		<dict>
			<key>fileRef</key>
			<string>832341B51AAA6A8300B99B32</string>
			<key>isa</key>
			<string>PBXBuildFile</string>
		</dict>
		<key>83CBB9F61A601CBA00E9B192</key>
		<dict>
			<key>children</key>
			<array>
				<string>DD665B6D1D64015000055644</string>
				<string>13B07FAE1A68108700A75B9A</string>
				<string>832341AE1AAA6A7D00B99B32</string>
				<string>00E356EF1AD99517003FC87E</string>
				<string>83CBBA001A601CBA00E9B192</string>
				<string>7E69CC454B74B7D3453DC6E8</string>
				<string>AA036F201905259DDFD80F6F</string>
			</array>
			<key>indentWidth</key>
			<string>2</string>
			<key>isa</key>
			<string>PBXGroup</string>
			<key>sourceTree</key>
			<string>&lt;group&gt;</string>
			<key>tabWidth</key>
			<string>2</string>
		</dict>
		<key>83CBB9F71A601CBA00E9B192</key>
		<dict>
			<key>attributes</key>
			<dict>
				<key>LastUpgradeCheck</key>
				<string>610</string>
				<key>ORGANIZATIONNAME</key>
				<string>Facebook</string>
				<key>TargetAttributes</key>
				<dict>
					<key>00E356ED1AD99517003FC87E</key>
					<dict>
						<key>CreatedOnToolsVersion</key>
						<string>6.2</string>
						<key>TestTargetID</key>
						<string>13B07F861A680F5B00A75B9A</string>
					</dict>
				</dict>
			</dict>
			<key>buildConfigurationList</key>
			<string>83CBB9FA1A601CBA00E9B192</string>
			<key>compatibilityVersion</key>
			<string>Xcode 3.2</string>
			<key>developmentRegion</key>
			<string>English</string>
			<key>hasScannedForEncodings</key>
			<string>0</string>
			<key>isa</key>
			<string>PBXProject</string>
			<key>knownRegions</key>
			<array>
				<string>en</string>
				<string>Base</string>
			</array>
			<key>mainGroup</key>
			<string>83CBB9F61A601CBA00E9B192</string>
			<key>productRefGroup</key>
			<string>83CBBA001A601CBA00E9B192</string>
			<key>projectDirPath</key>
			<string></string>
			<key>projectReferences</key>
			<array>
				<dict>
					<key>ProductGroup</key>
					<string>00C302A81ABCB8CE00DB3ED1</string>
					<key>ProjectRef</key>
					<string>00C302A71ABCB8CE00DB3ED1</string>
				</dict>
				<dict>
					<key>ProductGroup</key>
					<string>00C302B61ABCB90400DB3ED1</string>
					<key>ProjectRef</key>
					<string>00C302B51ABCB90400DB3ED1</string>
				</dict>
				<dict>
					<key>ProductGroup</key>
					<string>00C302BC1ABCB91800DB3ED1</string>
					<key>ProjectRef</key>
					<string>00C302BB1ABCB91800DB3ED1</string>
				</dict>
				<dict>
					<key>ProductGroup</key>
					<string>78C398B11ACF4ADC00677621</string>
					<key>ProjectRef</key>
					<string>78C398B01ACF4ADC00677621</string>
				</dict>
				<dict>
					<key>ProductGroup</key>
					<string>00C302D41ABCB9D200DB3ED1</string>
					<key>ProjectRef</key>
					<string>00C302D31ABCB9D200DB3ED1</string>
				</dict>
				<dict>
					<key>ProductGroup</key>
					<string>139105B71AF99BAD00B5F7CC</string>
					<key>ProjectRef</key>
					<string>139105B61AF99BAD00B5F7CC</string>
				</dict>
				<dict>
					<key>ProductGroup</key>
					<string>832341B11AAA6A8300B99B32</string>
					<key>ProjectRef</key>
					<string>832341B01AAA6A8300B99B32</string>
				</dict>
				<dict>
					<key>ProductGroup</key>
					<string>00C302E01ABCB9EE00DB3ED1</string>
					<key>ProjectRef</key>
					<string>00C302DF1ABCB9EE00DB3ED1</string>
				</dict>
				<dict>
					<key>ProductGroup</key>
					<string>DDA17A481D640099005CA34F</string>
					<key>ProjectRef</key>
					<string>405EC976105A45A19CF4F9C1</string>
				</dict>
				<dict>
					<key>ProductGroup</key>
					<string>139FDEE71B06529A00C62182</string>
					<key>ProjectRef</key>
					<string>139FDEE61B06529A00C62182</string>
				</dict>
				<dict>
					<key>ProductGroup</key>
					<string>146834001AC3E56700842450</string>
					<key>ProjectRef</key>
					<string>146833FF1AC3E56700842450</string>
				</dict>
			</array>
			<key>projectRoot</key>
			<string></string>
			<key>targets</key>
			<array>
				<string>13B07F861A680F5B00A75B9A</string>
				<string>00E356ED1AD99517003FC87E</string>
			</array>
		</dict>
		<key>83CBB9FA1A601CBA00E9B192</key>
		<dict>
			<key>buildConfigurations</key>
			<array>
				<string>83CBBA201A601CBA00E9B192</string>
				<string>83CBBA211A601CBA00E9B192</string>
			</array>
			<key>defaultConfigurationIsVisible</key>
			<string>0</string>
			<key>defaultConfigurationName</key>
			<string>Release</string>
			<key>isa</key>
			<string>XCConfigurationList</string>
		</dict>
		<key>83CBBA001A601CBA00E9B192</key>
		<dict>
			<key>children</key>
			<array>
				<string>13B07F961A680F5B00A75B9A</string>
				<string>00E356EE1AD99517003FC87E</string>
			</array>
			<key>isa</key>
			<string>PBXGroup</string>
			<key>name</key>
			<string>Products</string>
			<key>sourceTree</key>
			<string>&lt;group&gt;</string>
		</dict>
		<key>83CBBA201A601CBA00E9B192</key>
		<dict>
			<key>buildSettings</key>
			<dict>
				<key>ALWAYS_SEARCH_USER_PATHS</key>
				<string>NO</string>
				<key>CLANG_CXX_LANGUAGE_STANDARD</key>
				<string>gnu++0x</string>
				<key>CLANG_CXX_LIBRARY</key>
				<string>libc++</string>
				<key>CLANG_ENABLE_MODULES</key>
				<string>YES</string>
				<key>CLANG_ENABLE_OBJC_ARC</key>
				<string>YES</string>
				<key>CLANG_WARN_BOOL_CONVERSION</key>
				<string>YES</string>
				<key>CLANG_WARN_CONSTANT_CONVERSION</key>
				<string>YES</string>
				<key>CLANG_WARN_DIRECT_OBJC_ISA_USAGE</key>
				<string>YES_ERROR</string>
				<key>CLANG_WARN_EMPTY_BODY</key>
				<string>YES</string>
				<key>CLANG_WARN_ENUM_CONVERSION</key>
				<string>YES</string>
				<key>CLANG_WARN_INT_CONVERSION</key>
				<string>YES</string>
				<key>CLANG_WARN_OBJC_ROOT_CLASS</key>
				<string>YES_ERROR</string>
				<key>CLANG_WARN_UNREACHABLE_CODE</key>
				<string>YES</string>
				<key>CLANG_WARN__DUPLICATE_METHOD_MATCH</key>
				<string>YES</string>
				<key>CODE_SIGN_IDENTITY[sdk=iphoneos*]</key>
				<string>iPhone Developer</string>
				<key>COPY_PHASE_STRIP</key>
				<string>NO</string>
				<key>ENABLE_STRICT_OBJC_MSGSEND</key>
				<string>YES</string>
				<key>GCC_C_LANGUAGE_STANDARD</key>
				<string>gnu99</string>
				<key>GCC_DYNAMIC_NO_PIC</key>
				<string>NO</string>
				<key>GCC_OPTIMIZATION_LEVEL</key>
				<string>0</string>
				<key>GCC_PREPROCESSOR_DEFINITIONS</key>
				<array>
					<string>DEBUG=1</string>
					<string>$(inherited)</string>
				</array>
				<key>GCC_SYMBOLS_PRIVATE_EXTERN</key>
				<string>NO</string>
				<key>GCC_WARN_64_TO_32_BIT_CONVERSION</key>
				<string>YES</string>
				<key>GCC_WARN_ABOUT_RETURN_TYPE</key>
				<string>YES_ERROR</string>
				<key>GCC_WARN_UNDECLARED_SELECTOR</key>
				<string>YES</string>
				<key>GCC_WARN_UNINITIALIZED_AUTOS</key>
				<string>YES_AGGRESSIVE</string>
				<key>GCC_WARN_UNUSED_FUNCTION</key>
				<string>YES</string>
				<key>GCC_WARN_UNUSED_VARIABLE</key>
				<string>YES</string>
				<key>HEADER_SEARCH_PATHS</key>
				<array>
					<string>$(inherited)</string>
					<string>/Applications/Xcode.app/Contents/Developer/Toolchains/XcodeDefault.xctoolchain/usr/include</string>
					<string>$(SRCROOT)/../node_modules/react-native/React/**</string>
					<string>$(SRCROOT)/../node_modules/react-native-video</string>
				</array>
				<key>IPHONEOS_DEPLOYMENT_TARGET</key>
				<string>7.0</string>
				<key>MTL_ENABLE_DEBUG_INFO</key>
				<string>YES</string>
				<key>ONLY_ACTIVE_ARCH</key>
				<string>YES</string>
				<key>SDKROOT</key>
				<string>iphoneos</string>
			</dict>
			<key>isa</key>
			<string>XCBuildConfiguration</string>
			<key>name</key>
			<string>Debug</string>
		</dict>
		<key>83CBBA211A601CBA00E9B192</key>
		<dict>
			<key>buildSettings</key>
			<dict>
				<key>ALWAYS_SEARCH_USER_PATHS</key>
				<string>NO</string>
				<key>CLANG_CXX_LANGUAGE_STANDARD</key>
				<string>gnu++0x</string>
				<key>CLANG_CXX_LIBRARY</key>
				<string>libc++</string>
				<key>CLANG_ENABLE_MODULES</key>
				<string>YES</string>
				<key>CLANG_ENABLE_OBJC_ARC</key>
				<string>YES</string>
				<key>CLANG_WARN_BOOL_CONVERSION</key>
				<string>YES</string>
				<key>CLANG_WARN_CONSTANT_CONVERSION</key>
				<string>YES</string>
				<key>CLANG_WARN_DIRECT_OBJC_ISA_USAGE</key>
				<string>YES_ERROR</string>
				<key>CLANG_WARN_EMPTY_BODY</key>
				<string>YES</string>
				<key>CLANG_WARN_ENUM_CONVERSION</key>
				<string>YES</string>
				<key>CLANG_WARN_INT_CONVERSION</key>
				<string>YES</string>
				<key>CLANG_WARN_OBJC_ROOT_CLASS</key>
				<string>YES_ERROR</string>
				<key>CLANG_WARN_UNREACHABLE_CODE</key>
				<string>YES</string>
				<key>CLANG_WARN__DUPLICATE_METHOD_MATCH</key>
				<string>YES</string>
				<key>CODE_SIGN_IDENTITY[sdk=iphoneos*]</key>
				<string>iPhone Developer</string>
				<key>COPY_PHASE_STRIP</key>
				<string>YES</string>
				<key>ENABLE_NS_ASSERTIONS</key>
				<string>NO</string>
				<key>ENABLE_STRICT_OBJC_MSGSEND</key>
				<string>YES</string>
				<key>GCC_C_LANGUAGE_STANDARD</key>
				<string>gnu99</string>
				<key>GCC_WARN_64_TO_32_BIT_CONVERSION</key>
				<string>YES</string>
				<key>GCC_WARN_ABOUT_RETURN_TYPE</key>
				<string>YES_ERROR</string>
				<key>GCC_WARN_UNDECLARED_SELECTOR</key>
				<string>YES</string>
				<key>GCC_WARN_UNINITIALIZED_AUTOS</key>
				<string>YES_AGGRESSIVE</string>
				<key>GCC_WARN_UNUSED_FUNCTION</key>
				<string>YES</string>
				<key>GCC_WARN_UNUSED_VARIABLE</key>
				<string>YES</string>
				<key>HEADER_SEARCH_PATHS</key>
				<array>
					<string>$(inherited)</string>
					<string>/Applications/Xcode.app/Contents/Developer/Toolchains/XcodeDefault.xctoolchain/usr/include</string>
					<string>$(SRCROOT)/../node_modules/react-native/React/**</string>
					<string>$(SRCROOT)/../node_modules/react-native-video</string>
				</array>
				<key>IPHONEOS_DEPLOYMENT_TARGET</key>
				<string>7.0</string>
				<key>MTL_ENABLE_DEBUG_INFO</key>
				<string>NO</string>
				<key>SDKROOT</key>
				<string>iphoneos</string>
				<key>VALIDATE_PRODUCT</key>
				<string>YES</string>
			</dict>
			<key>isa</key>
			<string>XCBuildConfiguration</string>
			<key>name</key>
			<string>Release</string>
		</dict>
		<key>85251FE19A3323499C0C78B6</key>
		<dict>
			<key>fileRef</key>
			<string>927971B8FD1F0E6F7800590A</string>
			<key>isa</key>
			<string>PBXBuildFile</string>
		</dict>
		<key>894BFC20D2EBD4617B987FC3</key>
		<dict>
			<key>fileRef</key>
			<string>9B0C4E5683FC8DC39DF84FBE</string>
			<key>isa</key>
			<string>PBXBuildFile</string>
		</dict>
		<key>8E9546E7D7BEBA121ABA60EE</key>
		<dict>
			<key>fileRef</key>
			<string>9F2DCEDBC8F80312324D47A6</string>
			<key>isa</key>
			<string>PBXBuildFile</string>
		</dict>
		<key>927971B8FD1F0E6F7800590A</key>
		<dict>
			<key>isa</key>
			<string>PBXFileReference</string>
			<key>lastKnownFileType</key>
			<string>wrapper.framework</string>
			<key>name</key>
			<string>CoreMedia.framework</string>
			<key>path</key>
			<string>System/Library/Frameworks/CoreMedia.framework</string>
			<key>sourceTree</key>
			<string>SDKROOT</string>
		</dict>
		<key>987A1B8D8E4044F985B24305</key>
		<dict>
			<key>explicitFileType</key>
			<string>undefined</string>
			<key>fileEncoding</key>
			<string>9</string>
			<key>includeInIndex</key>
			<string>0</string>
			<key>isa</key>
			<string>PBXFileReference</string>
			<key>lastKnownFileType</key>
			<string>archive.ar</string>
			<key>path</key>
			<string>libRCTVideo.a</string>
			<key>sourceTree</key>
			<string>&lt;group&gt;</string>
		</dict>
		<key>9990F000E17F6A18CEEAB6B1</key>
		<dict>
			<key>fileRef</key>
			<string>11C27BEF77488EC7B9DCE860</string>
			<key>isa</key>
			<string>PBXBuildFile</string>
		</dict>
		<key>9B0C4E5683FC8DC39DF84FBE</key>
		<dict>
			<key>isa</key>
			<string>PBXFileReference</string>
			<key>lastKnownFileType</key>
			<string>wrapper.framework</string>
			<key>name</key>
			<string>SystemConfiguration.framework</string>
			<key>path</key>
			<string>System/Library/Frameworks/SystemConfiguration.framework</string>
			<key>sourceTree</key>
			<string>SDKROOT</string>
		</dict>
		<key>9F2DCEDBC8F80312324D47A6</key>
		<dict>
			<key>isa</key>
			<string>PBXFileReference</string>
			<key>lastKnownFileType</key>
			<string>wrapper.framework</string>
			<key>name</key>
			<string>CoreText.framework</string>
			<key>path</key>
			<string>System/Library/Frameworks/CoreText.framework</string>
			<key>sourceTree</key>
			<string>SDKROOT</string>
		</dict>
		<key>AA036F201905259DDFD80F6F</key>
		<dict>
			<key>children</key>
			<array>
				<string>EBEA79209545CBD9BA62A98E</string>
				<string>0E23C9ECB8B80ADC4F2AE116</string>
				<string>12BDB931622171CF65D18BA1</string>
				<string>11C27BEF77488EC7B9DCE860</string>
				<string>9F2DCEDBC8F80312324D47A6</string>
				<string>EB8C76D9E0C8A13953E174F7</string>
				<string>9B0C4E5683FC8DC39DF84FBE</string>
				<string>AFFBC805A1451AEA07569679</string>
				<string>509395D532F057654BA1E126</string>
				<string>927971B8FD1F0E6F7800590A</string>
				<string>56A6C793C243938D9E317B19</string>
			</array>
			<key>isa</key>
			<string>PBXGroup</string>
			<key>name</key>
			<string>Frameworks</string>
			<key>sourceTree</key>
			<string>&lt;group&gt;</string>
		</dict>
		<key>AB775719152F502E89B715E6</key>
		<dict>
			<key>fileRef</key>
			<string>0E23C9ECB8B80ADC4F2AE116</string>
			<key>isa</key>
			<string>PBXBuildFile</string>
		</dict>
		<key>AEA4F015BF8916968C0A350D</key>
		<dict>
			<key>fileRef</key>
			<string>EB8C76D9E0C8A13953E174F7</string>
			<key>isa</key>
			<string>PBXBuildFile</string>
		</dict>
		<key>AFFBC805A1451AEA07569679</key>
		<dict>
			<key>isa</key>
			<string>PBXFileReference</string>
			<key>lastKnownFileType</key>
			<string>wrapper.framework</string>
			<key>name</key>
			<string>QuartzCore.framework</string>
			<key>path</key>
			<string>System/Library/Frameworks/QuartzCore.framework</string>
			<key>sourceTree</key>
			<string>SDKROOT</string>
		</dict>
		<key>B252039F9BCF419FB1B35166</key>
		<dict>
			<key>buildActionMask</key>
			<string>2147483647</string>
			<key>files</key>
			<array/>
			<key>inputPaths</key>
			<array/>
			<key>isa</key>
			<string>PBXShellScriptBuildPhase</string>
			<key>name</key>
			<string>[CP] Copy Pods Resources</string>
			<key>outputPaths</key>
			<array/>
			<key>runOnlyForDeploymentPostprocessing</key>
			<string>0</string>
			<key>shellPath</key>
			<string>/bin/sh</string>
			<key>shellScript</key>
			<string>"${SRCROOT}/Pods/Target Support Files/Pods-WLPNTests/Pods-WLPNTests-resources.sh"
</string>
			<key>showEnvVarsInLog</key>
			<string>0</string>
		</dict>
		<key>C60447BCF915A249A7F45439</key>
		<dict>
			<key>includeInIndex</key>
			<string>1</string>
			<key>isa</key>
			<string>PBXFileReference</string>
			<key>lastKnownFileType</key>
			<string>text.xcconfig</string>
			<key>name</key>
			<string>Pods-WLPNTests.debug.xcconfig</string>
			<key>path</key>
			<string>Pods/Target Support Files/Pods-WLPNTests/Pods-WLPNTests.debug.xcconfig</string>
			<key>sourceTree</key>
			<string>&lt;group&gt;</string>
		</dict>
		<key>C6386B8A98F3B8193A12F027</key>
		<dict>
			<key>fileRef</key>
			<string>12BDB931622171CF65D18BA1</string>
			<key>isa</key>
			<string>PBXBuildFile</string>
		</dict>
		<key>C98532037F1D27B6B616839A</key>
		<dict>
			<key>fileRef</key>
			<string>509395D532F057654BA1E126</string>
			<key>isa</key>
			<string>PBXBuildFile</string>
		</dict>
		<key>D1F20B4F16D5E298C1472BA6</key>
		<dict>
			<key>buildActionMask</key>
			<string>2147483647</string>
			<key>files</key>
			<array/>
			<key>inputPaths</key>
			<array/>
			<key>isa</key>
			<string>PBXShellScriptBuildPhase</string>
			<key>name</key>
			<string>[CP] Copy Pods Resources</string>
			<key>outputPaths</key>
			<array/>
			<key>runOnlyForDeploymentPostprocessing</key>
			<string>0</string>
			<key>shellPath</key>
			<string>/bin/sh</string>
			<key>shellScript</key>
			<string>"${SRCROOT}/Pods/Target Support Files/Pods-WLPN/Pods-WLPN-resources.sh"
</string>
			<key>showEnvVarsInLog</key>
			<string>0</string>
		</dict>
		<key>D91A244148D9AE09F0C20388</key>
		<dict>
			<key>buildActionMask</key>
			<string>2147483647</string>
			<key>files</key>
			<array/>
			<key>inputPaths</key>
			<array/>
			<key>isa</key>
			<string>PBXShellScriptBuildPhase</string>
			<key>name</key>
			<string>[CP] Embed Pods Frameworks</string>
			<key>outputPaths</key>
			<array/>
			<key>runOnlyForDeploymentPostprocessing</key>
			<string>0</string>
			<key>shellPath</key>
			<string>/bin/sh</string>
			<key>shellScript</key>
			<string>"${SRCROOT}/Pods/Target Support Files/Pods-WLPN/Pods-WLPN-frameworks.sh"
</string>
			<key>showEnvVarsInLog</key>
			<string>0</string>
		</dict>
		<key>DD665B6D1D64015000055644</key>
		<dict>
			<key>isa</key>
			<string>PBXFileReference</string>
			<key>lastKnownFileType</key>
			<string>file</string>
			<key>name</key>
			<string>turntable-loop-1920x500-h264-512kbps-h264.mp4</string>
			<key>path</key>
			<string>../app/assets/video/turntable-loop-1920x500-h264-512kbps-h264.mp4</string>
			<key>sourceTree</key>
			<string>&lt;group&gt;</string>
		</dict>
		<key>DD665B6E1D64015000055644</key>
		<dict>
			<key>fileRef</key>
			<string>DD665B6D1D64015000055644</string>
			<key>isa</key>
			<string>PBXBuildFile</string>
		</dict>
		<key>DDA17A481D640099005CA34F</key>
		<dict>
			<key>children</key>
			<array>
				<string>DDA17A541D640099005CA34F</string>
			</array>
			<key>isa</key>
			<string>PBXGroup</string>
			<key>name</key>
			<string>Products</string>
			<key>sourceTree</key>
			<string>&lt;group&gt;</string>
		</dict>
		<key>DDA17A531D640099005CA34F</key>
		<dict>
			<key>containerPortal</key>
			<string>405EC976105A45A19CF4F9C1</string>
			<key>isa</key>
			<string>PBXContainerItemProxy</string>
			<key>proxyType</key>
			<string>2</string>
			<key>remoteGlobalIDString</key>
			<string>134814201AA4EA6300B7C361</string>
			<key>remoteInfo</key>
			<string>RCTVideo</string>
		</dict>
		<key>DDA17A541D640099005CA34F</key>
		<dict>
			<key>fileType</key>
			<string>archive.ar</string>
			<key>isa</key>
			<string>PBXReferenceProxy</string>
			<key>path</key>
			<string>libRCTVideo.a</string>
			<key>remoteRef</key>
			<string>DDA17A531D640099005CA34F</string>
			<key>sourceTree</key>
			<string>BUILT_PRODUCTS_DIR</string>
		</dict>
		<key>EB8C76D9E0C8A13953E174F7</key>
		<dict>
			<key>isa</key>
			<string>PBXFileReference</string>
			<key>lastKnownFileType</key>
			<string>wrapper.framework</string>
			<key>name</key>
			<string>CoreTelephony.framework</string>
			<key>path</key>
			<string>System/Library/Frameworks/CoreTelephony.framework</string>
			<key>sourceTree</key>
			<string>SDKROOT</string>
		</dict>
		<key>EBEA79209545CBD9BA62A98E</key>
		<dict>
			<key>explicitFileType</key>
			<string>archive.ar</string>
			<key>includeInIndex</key>
			<string>0</string>
			<key>isa</key>
			<string>PBXFileReference</string>
			<key>path</key>
			<string>libPods-WLPN.a</string>
			<key>sourceTree</key>
			<string>BUILT_PRODUCTS_DIR</string>
		</dict>
		<key>FF699DB7A32F7595206E7F07</key>
		<dict>
			<key>fileRef</key>
			<string>AFFBC805A1451AEA07569679</string>
			<key>isa</key>
			<string>PBXBuildFile</string>
		</dict>
	</dict>
	<key>rootObject</key>
	<string>83CBB9F71A601CBA00E9B192</string>
</dict>
</plist>
